// !$*UTF8*$!
{
	archiveVersion = 1;
	classes = {
	};
	objectVersion = 46;
	objects = {

/* Begin PBXBuildFile section */
		66399AC21DF0490400D167A8 /* RNWebGLARKit.m in Sources */ = {isa = PBXBuildFile; fileRef = 66399AC11DF0490400D167A8 /* RNWebGLARKit.m */; };
		66399AC71DF049AE00D167A8 /* RNWebGLARKitManager.m in Sources */ = {isa = PBXBuildFile; fileRef = 66399AC61DF049AE00D167A8 /* RNWebGLARKitManager.m */; };
/* End PBXBuildFile section */

/* Begin PBXContainerItemProxy section */
		66ABD5021DEDAAD100F706C0 /* PBXContainerItemProxy */ = {
			isa = PBXContainerItemProxy;
			containerPortal = 66ABD4FD1DEDAAD100F706C0 /* React.xcodeproj */;
			proxyType = 2;
			remoteGlobalIDString = 83CBBA2E1A601D0E00E9B192;
			remoteInfo = React;
		};
		66ABD5041DEDAAD100F706C0 /* PBXContainerItemProxy */ = {
			isa = PBXContainerItemProxy;
			containerPortal = 66ABD4FD1DEDAAD100F706C0 /* React.xcodeproj */;
			proxyType = 2;
			remoteGlobalIDString = 2D2A28131D9B038B00D4039D;
			remoteInfo = "React-tvOS";
		};
/* End PBXContainerItemProxy section */

/* Begin PBXCopyFilesBuildPhase section */
		665E380C1DEDA42C007CA9FA /* CopyFiles */ = {
			isa = PBXCopyFilesBuildPhase;
			buildActionMask = 2147483647;
			dstPath = "include/$(PRODUCT_NAME)";
			dstSubfolderSpec = 16;
			files = (
			);
			runOnlyForDeploymentPostprocessing = 0;
		};
/* End PBXCopyFilesBuildPhase section */

/* Begin PBXFileReference section */
		66399AC01DF0490400D167A8 /* RNWebGLARKit.h */ = {isa = PBXFileReference; fileEncoding = 4; lastKnownFileType = sourcecode.c.h; path = RNWebGLARKit.h; sourceTree = "<group>"; };
		66399AC11DF0490400D167A8 /* RNWebGLARKit.m */ = {isa = PBXFileReference; fileEncoding = 4; lastKnownFileType = sourcecode.c.objc; path = RNWebGLARKit.m; sourceTree = "<group>"; };
		66399AC51DF049AE00D167A8 /* RNWebGLARKitManager.h */ = {isa = PBXFileReference; fileEncoding = 4; lastKnownFileType = sourcecode.c.h; path = RNWebGLARKitManager.h; sourceTree = "<group>"; };
		66399AC61DF049AE00D167A8 /* RNWebGLARKitManager.m */ = {isa = PBXFileReference; fileEncoding = 4; lastKnownFileType = sourcecode.c.objc; path = RNWebGLARKitManager.m; sourceTree = "<group>"; };
		665E380E1DEDA42C007CA9FA /* libRNWebGLARKit.a */ = {isa = PBXFileReference; explicitFileType = archive.ar; includeInIndex = 0; path = libRNWebGLARKit.a; sourceTree = BUILT_PRODUCTS_DIR; };
		66ABD4FD1DEDAAD100F706C0 /* React.xcodeproj */ = {isa = PBXFileReference; lastKnownFileType = "wrapper.pb-project"; name = React.xcodeproj; path = "../../react-native/React/React.xcodeproj"; sourceTree = "<group>"; };
/* End PBXFileReference section */

/* Begin PBXFrameworksBuildPhase section */
		665E380B1DEDA42C007CA9FA /* Frameworks */ = {
			isa = PBXFrameworksBuildPhase;
			buildActionMask = 2147483647;
			files = (
			);
			runOnlyForDeploymentPostprocessing = 0;
		};
/* End PBXFrameworksBuildPhase section */

/* Begin PBXGroup section */
		665E38051DEDA42C007CA9FA = {
			isa = PBXGroup;
			children = (
				665E38101DEDA42C007CA9FA /* RNWebGLARKit */,
				665E380F1DEDA42C007CA9FA /* Products */,
				66ABD4FC1DEDAAD100F706C0 /* Frameworks */,
			);
			sourceTree = "<group>";
		};
		665E380F1DEDA42C007CA9FA /* Products */ = {
			isa = PBXGroup;
			children = (
				665E380E1DEDA42C007CA9FA /* libRNWebGLARKit.a */,
			);
			name = Products;
			sourceTree = "<group>";
		};
		665E38101DEDA42C007CA9FA /* RNWebGLARKit */ = {
			isa = PBXGroup;
			children = (
				66399AC01DF0490400D167A8 /* RNWebGLARKit.h */,
				66399AC11DF0490400D167A8 /* RNWebGLARKit.m */,
				66399AC51DF049AE00D167A8 /* RNWebGLARKitManager.h */,
				66399AC61DF049AE00D167A8 /* RNWebGLARKitManager.m */,
			);
			path = RNWebGLARKit;
			sourceTree = "<group>";
		};
		66ABD4FC1DEDAAD100F706C0 /* Frameworks */ = {
			isa = PBXGroup;
			children = (
				66ABD4FD1DEDAAD100F706C0 /* React.xcodeproj */,
			);
			name = Frameworks;
			sourceTree = "<group>";
		};
		66ABD4FE1DEDAAD100F706C0 /* Products */ = {
			isa = PBXGroup;
			children = (
				66ABD5031DEDAAD100F706C0 /* libReact.a */,
				66ABD5051DEDAAD100F706C0 /* libReact-tvOS.a */,
			);
			name = Products;
			sourceTree = "<group>";
		};
/* End PBXGroup section */

/* Begin PBXNativeTarget section */
		665E380D1DEDA42C007CA9FA /* RNWebGLARKit */ = {
			isa = PBXNativeTarget;
			buildConfigurationList = 665E38171DEDA42C007CA9FA /* Build configuration list for PBXNativeTarget "RNWebGLARKit" */;
			buildPhases = (
				665E380A1DEDA42C007CA9FA /* Sources */,
				665E380B1DEDA42C007CA9FA /* Frameworks */,
				665E380C1DEDA42C007CA9FA /* CopyFiles */,
			);
			buildRules = (
			);
			dependencies = (
			);
			name = RNWebGLARKit;
			productName = RNModule;
			productReference = 665E380E1DEDA42C007CA9FA /* libRNWebGLARKit.a */;
			productType = "com.apple.product-type.library.static";
		};
/* End PBXNativeTarget section */

/* Begin PBXProject section */
		665E38061DEDA42C007CA9FA /* Project object */ = {
			isa = PBXProject;
			attributes = {
				LastUpgradeCheck = 0810;
				TargetAttributes = {
					665E380D1DEDA42C007CA9FA = {
						CreatedOnToolsVersion = 8.1;
						ProvisioningStyle = Automatic;
					};
				};
			};
			buildConfigurationList = 665E38091DEDA42C007CA9FA /* Build configuration list for PBXProject "RNWebGLARKit" */;
			compatibilityVersion = "Xcode 3.2";
			developmentRegion = English;
			hasScannedForEncodings = 0;
			knownRegions = (
				en,
			);
			mainGroup = 665E38051DEDA42C007CA9FA;
			productRefGroup = 665E380F1DEDA42C007CA9FA /* Products */;
			projectDirPath = "";
			projectReferences = (
				{
					ProductGroup = 66ABD4FE1DEDAAD100F706C0 /* Products */;
					ProjectRef = 66ABD4FD1DEDAAD100F706C0 /* React.xcodeproj */;
				},
			);
			projectRoot = "";
			targets = (
				665E380D1DEDA42C007CA9FA /* RNWebGLARKit */,
			);
		};
/* End PBXProject section */

/* Begin PBXReferenceProxy section */
		66ABD5031DEDAAD100F706C0 /* libReact.a */ = {
			isa = PBXReferenceProxy;
			fileType = archive.ar;
			path = libReact.a;
			remoteRef = 66ABD5021DEDAAD100F706C0 /* PBXContainerItemProxy */;
			sourceTree = BUILT_PRODUCTS_DIR;
		};
		66ABD5051DEDAAD100F706C0 /* libReact-tvOS.a */ = {
			isa = PBXReferenceProxy;
			fileType = archive.ar;
			path = "libReact-tvOS.a";
			remoteRef = 66ABD5041DEDAAD100F706C0 /* PBXContainerItemProxy */;
			sourceTree = BUILT_PRODUCTS_DIR;
		};
/* End PBXReferenceProxy section */

/* Begin PBXSourcesBuildPhase section */
		665E380A1DEDA42C007CA9FA /* Sources */ = {
			isa = PBXSourcesBuildPhase;
			buildActionMask = 2147483647;
			files = (
				66399AC21DF0490400D167A8 /* RNWebGLARKit.m in Sources */,
				66399AC71DF049AE00D167A8 /* RNWebGLARKitManager.m in Sources */,
			);
			runOnlyForDeploymentPostprocessing = 0;
		};
/* End PBXSourcesBuildPhase section */

/* Begin XCBuildConfiguration section */
		665E38151DEDA42C007CA9FA /* Debug */ = {
			isa = XCBuildConfiguration;
			buildSettings = {
				ALWAYS_SEARCH_USER_PATHS = NO;
				CLANG_ANALYZER_NONNULL = YES;
				CLANG_CXX_LANGUAGE_STANDARD = "gnu++0x";
				CLANG_CXX_LIBRARY = "libc++";
				CLANG_ENABLE_MODULES = YES;
				CLANG_ENABLE_OBJC_ARC = YES;
				CLANG_WARN_BOOL_CONVERSION = YES;
				CLANG_WARN_CONSTANT_CONVERSION = YES;
				CLANG_WARN_DIRECT_OBJC_ISA_USAGE = YES_ERROR;
				CLANG_WARN_DOCUMENTATION_COMMENTS = YES;
				CLANG_WARN_EMPTY_BODY = YES;
				CLANG_WARN_ENUM_CONVERSION = YES;
				CLANG_WARN_INFINITE_RECURSION = YES;
				CLANG_WARN_INT_CONVERSION = YES;
				CLANG_WARN_OBJC_ROOT_CLASS = YES_ERROR;
				CLANG_WARN_SUSPICIOUS_MOVES = YES;
				CLANG_WARN_UNREACHABLE_CODE = YES;
				CLANG_WARN__DUPLICATE_METHOD_MATCH = YES;
				"CODE_SIGN_IDENTITY[sdk=iphoneos*]" = "iPhone Developer";
				COPY_PHASE_STRIP = NO;
				DEBUG_INFORMATION_FORMAT = dwarf;
				ENABLE_STRICT_OBJC_MSGSEND = YES;
				ENABLE_TESTABILITY = YES;
				GCC_C_LANGUAGE_STANDARD = gnu99;
				GCC_DYNAMIC_NO_PIC = NO;
				GCC_NO_COMMON_BLOCKS = YES;
				GCC_OPTIMIZATION_LEVEL = 0;
				GCC_PREPROCESSOR_DEFINITIONS = (
					"DEBUG=1",
					"$(inherited)",
				);
				GCC_WARN_64_TO_32_BIT_CONVERSION = YES;
				GCC_WARN_ABOUT_RETURN_TYPE = YES_ERROR;
				GCC_WARN_UNDECLARED_SELECTOR = YES;
				GCC_WARN_UNINITIALIZED_AUTOS = YES_AGGRESSIVE;
				GCC_WARN_UNUSED_FUNCTION = YES;
				GCC_WARN_UNUSED_VARIABLE = YES;
				IPHONEOS_DEPLOYMENT_TARGET = 10.1;
				MTL_ENABLE_DEBUG_INFO = YES;
				ONLY_ACTIVE_ARCH = YES;
				SDKROOT = iphoneos;
			};
			name = Debug;
		};
		665E38161DEDA42C007CA9FA /* Release */ = {
			isa = XCBuildConfiguration;
			buildSettings = {
				ALWAYS_SEARCH_USER_PATHS = NO;
				CLANG_ANALYZER_NONNULL = YES;
				CLANG_CXX_LANGUAGE_STANDARD = "gnu++0x";
				CLANG_CXX_LIBRARY = "libc++";
				CLANG_ENABLE_MODULES = YES;
				CLANG_ENABLE_OBJC_ARC = YES;
				CLANG_WARN_BOOL_CONVERSION = YES;
				CLANG_WARN_CONSTANT_CONVERSION = YES;
				CLANG_WARN_DIRECT_OBJC_ISA_USAGE = YES_ERROR;
				CLANG_WARN_DOCUMENTATION_COMMENTS = YES;
				CLANG_WARN_EMPTY_BODY = YES;
				CLANG_WARN_ENUM_CONVERSION = YES;
				CLANG_WARN_INFINITE_RECURSION = YES;
				CLANG_WARN_INT_CONVERSION = YES;
				CLANG_WARN_OBJC_ROOT_CLASS = YES_ERROR;
				CLANG_WARN_SUSPICIOUS_MOVES = YES;
				CLANG_WARN_UNREACHABLE_CODE = YES;
				CLANG_WARN__DUPLICATE_METHOD_MATCH = YES;
				"CODE_SIGN_IDENTITY[sdk=iphoneos*]" = "iPhone Developer";
				COPY_PHASE_STRIP = NO;
				DEBUG_INFORMATION_FORMAT = "dwarf-with-dsym";
				ENABLE_NS_ASSERTIONS = NO;
				ENABLE_STRICT_OBJC_MSGSEND = YES;
				GCC_C_LANGUAGE_STANDARD = gnu99;
				GCC_NO_COMMON_BLOCKS = YES;
				GCC_WARN_64_TO_32_BIT_CONVERSION = YES;
				GCC_WARN_ABOUT_RETURN_TYPE = YES_ERROR;
				GCC_WARN_UNDECLARED_SELECTOR = YES;
				GCC_WARN_UNINITIALIZED_AUTOS = YES_AGGRESSIVE;
				GCC_WARN_UNUSED_FUNCTION = YES;
				GCC_WARN_UNUSED_VARIABLE = YES;
				IPHONEOS_DEPLOYMENT_TARGET = 10.1;
				MTL_ENABLE_DEBUG_INFO = NO;
				SDKROOT = iphoneos;
				VALIDATE_PRODUCT = YES;
			};
			name = Release;
		};
		665E38181DEDA42C007CA9FA /* Debug */ = {
			isa = XCBuildConfiguration;
			buildSettings = {
				HEADER_SEARCH_PATHS = (
					"$(SRCROOT)/../../react-native/React/**",
					"${SRCROOT}/../../../ios/Pods/Headers/Public/**",
				);
				OTHER_LDFLAGS = "-ObjC";
				PRODUCT_NAME = "$(TARGET_NAME)";
				SKIP_INSTALL = YES;
			};
			name = Debug;
		};
		665E38191DEDA42C007CA9FA /* Release */ = {
			isa = XCBuildConfiguration;
			buildSettings = {
				HEADER_SEARCH_PATHS = (
					"$(SRCROOT)/../../react-native/React/**",
					"${SRCROOT}/../../../ios/Pods/Headers/Public/**",
				);
				OTHER_LDFLAGS = "-ObjC";
				PRODUCT_NAME = "$(TARGET_NAME)";
				SKIP_INSTALL = YES;
			};
			name = Release;
		};
/* End XCBuildConfiguration section */

/* Begin XCConfigurationList section */
		665E38091DEDA42C007CA9FA /* Build configuration list for PBXProject "RNWebGLARKit" */ = {
			isa = XCConfigurationList;
			buildConfigurations = (
				665E38151DEDA42C007CA9FA /* Debug */,
				665E38161DEDA42C007CA9FA /* Release */,
			);
			defaultConfigurationIsVisible = 0;
			defaultConfigurationName = Release;
		};
		665E38171DEDA42C007CA9FA /* Build configuration list for PBXNativeTarget "RNWebGLARKit" */ = {
			isa = XCConfigurationList;
			buildConfigurations = (
				665E38181DEDA42C007CA9FA /* Debug */,
				665E38191DEDA42C007CA9FA /* Release */,
			);
			defaultConfigurationIsVisible = 0;
			defaultConfigurationName = Release;
		};
/* End XCConfigurationList section */
	};
	rootObject = 665E38061DEDA42C007CA9FA /* Project object */;
}
